{
  "object": {
    "pins": [
      {
        "package": "Base58Swift",
        "repositoryURL": "https://github.com/keefertaylor/Base58Swift.git",
        "state": {
          "branch": null,
          "revision": "1c13ea6b07f1584660526f8bde3d4cc150e91acd",
          "version": "2.1.14"
        }
      },
      {
        "package": "BeaconSDK",
        "repositoryURL": "https://github.com/airgap-it/beacon-ios-sdk",
        "state": {
          "branch": null,
          "revision": "fa4c67bc50eb0ff263ec5560760289569e018e97",
          "version": "3.1.0"
        }
      },
      {
        "package": "BigInt",
        "repositoryURL": "https://github.com/attaswift/BigInt.git",
        "state": {
          "branch": null,
          "revision": "0ed110f7555c34ff468e72e1686e59721f2b0da6",
          "version": "5.3.0"
        }
      },
      {
        "package": "Sodium",
        "repositoryURL": "https://github.com/jedisct1/swift-sodium.git",
        "state": {
          "branch": null,
          "revision": "4f9164a0a2c9a6a7ff53a2833d54a5c79c957342",
          "version": "0.9.1"
        }
      }
    ]
  },
  "version": 1
}
